
Microsoft Visual Studio Solution File, Format Version 12.00
# Visual Studio Version 16
VisualStudioVersion = 16.0.29613.14
MinimumVisualStudioVersion = 10.0.40219.1
Project("{FAE04EC0-301F-11D3-BF4B-00C04F79EFBC}") = "Guess My Number Game Bisection Algorithm", "Guess My Number Game Bisection Algorithm\Guess My Number Game Bisection Algorithm.csproj", "{D420A719-7E2E-4D2A-8C51-BC5BDDDB67DF}"
EndProject
Global
	GlobalSection(SolutionConfigurationPlatforms) = preSolution
		Debug|Any CPU = Debug|Any CPU
		Release|Any CPU = Release|Any CPU
	EndGlobalSection
	GlobalSection(ProjectConfigurationPlatforms) = postSolution
		{D420A719-7E2E-4D2A-8C51-BC5BDDDB67DF}.Debug|Any CPU.ActiveCfg = Debug|Any CPU
		{D420A719-7E2E-4D2A-8C51-BC5BDDDB67DF}.Debug|Any CPU.Build.0 = Debug|Any CPU
		{D420A719-7E2E-4D2A-8C51-BC5BDDDB67DF}.Release|Any CPU.ActiveCfg = Release|Any CPU
		{D420A719-7E2E-4D2A-8C51-BC5BDDDB67DF}.Release|Any CPU.Build.0 = Release|Any CPU
	EndGlobalSection
	GlobalSection(SolutionProperties) = preSolution
		HideSolutionNode = FALSE
	EndGlobalSection
	GlobalSection(ExtensibilityGlobals) = postSolution
		SolutionGuid = {1818E347-C8C6-41BB-B682-137A242F4A1A}
	EndGlobalSection
EndGlobal
